
Microsoft Visual Studio Solution File, Format Version 12.00
# Visual Studio Version 16
VisualStudioVersion = 16.0.29728.190
MinimumVisualStudioVersion = 10.0.40219.1
Project("{FAE04EC0-301F-11D3-BF4B-00C04F79EFBC}") = "WordleSolver", "WordleSolver\WordleSolver.csproj", "{71CD2C91-5F77-4102-A033-810F27C19FC4}"
EndProject
Global
	GlobalSection(SolutionConfigurationPlatforms) = preSolution
		Debug|Any CPU = Debug|Any CPU
		Release|Any CPU = Release|Any CPU
	EndGlobalSection
	GlobalSection(ProjectConfigurationPlatforms) = postSolution
		{71CD2C91-5F77-4102-A033-810F27C19FC4}.Debug|Any CPU.ActiveCfg = Debug|Any CPU
		{71CD2C91-5F77-4102-A033-810F27C19FC4}.Debug|Any CPU.Build.0 = Debug|Any CPU
		{71CD2C91-5F77-4102-A033-810F27C19FC4}.Release|Any CPU.ActiveCfg = Release|Any CPU
		{71CD2C91-5F77-4102-A033-810F27C19FC4}.Release|Any CPU.Build.0 = Release|Any CPU
	EndGlobalSection
	GlobalSection(SolutionProperties) = preSolution
		HideSolutionNode = FALSE
	EndGlobalSection
	GlobalSection(ExtensibilityGlobals) = postSolution
		SolutionGuid = {25868D00-C5C4-4828-9D9D-5891A1747CB2}
	EndGlobalSection
EndGlobal
